# @generated - this file is auto-generated by `mise lock` https://mise.jdx.dev/dev-tools/mise-lock.html

lockfile_version = 3

[conda-packages.linux-arm64."_openmp_mutex-4.5-20_gnu"]
url = "https://conda.anaconda.org/conda-forge/linux-aarch64/_openmp_mutex-4.5-20_gnu.conda"
checksum = "sha256:a2527b1d81792a0ccd2c05850960df119c2b6d8f5fdec97f2db7d25dc23b1068"

[conda-packages.linux-arm64."clang-format-22-22.1.8-default_h01b09c7_10"]
url = "https://conda.anaconda.org/conda-forge/linux-aarch64/clang-format-22-22.1.8-default_h01b09c7_10.conda"
checksum = "sha256:9c3afbab8bf65aadab947b6d7efde87f03c786ce43223c567b3e25a8c539d52b"

[conda-packages.linux-arm64."icu-78.3-py311h3512406_2"]
url = "https://conda.anaconda.org/conda-forge/linux-aarch64/icu-78.3-py311h3512406_2.conda"
checksum = "sha256:54d921defd947adb58a90e10203d3bfe6c1f209f5f1a1ad2c6a9f7617f2fb59e"

[conda-packages.linux-arm64."libclang-cpp22.1-22.1.8-default_h01b09c7_10"]
url = "https://conda.anaconda.org/conda-forge/linux-aarch64/libclang-cpp22.1-22.1.8-default_h01b09c7_10.conda"
checksum = "sha256:f6ba66ea249bf4e695f162ceae4594ca05ec61c7849161026a3e757bd70d4770"

[conda-packages.linux-arm64."libgcc-16.2.0-h205dda4_7"]
url = "https://conda.anaconda.org/conda-forge/linux-aarch64/libgcc-16.2.0-h205dda4_7.conda"
checksum = "sha256:eae7a3449d5a3b5351c5427137c076cc3fc826645c7bfc42dc10772b783826f1"

[conda-packages.linux-arm64."libgomp-16.2.0-h8acb6b2_7"]
url = "https://conda.anaconda.org/conda-forge/linux-aarch64/libgomp-16.2.0-h8acb6b2_7.conda"
checksum = "sha256:4406fd67c5beeb99b9372f9bf07aa3e40ca141e337eceebac3ff64aa72799494"

[conda-packages.linux-arm64."libiconv-1.18-h1ea5142_3"]
url = "https://conda.anaconda.org/conda-forge/linux-aarch64/libiconv-1.18-h1ea5142_3.conda"
checksum = "sha256:d22c666eb887afd2119aac2110e23a0e817e9391bda99293421f7c46dab1564c"

[conda-packages.linux-arm64."libllvm22-22.1.8-h680871c_3"]
url = "https://conda.anaconda.org/conda-forge/linux-aarch64/libllvm22-22.1.8-h680871c_3.conda"
checksum = "sha256:ce3b3adf238db44eb054e70f7f82f5959598542b2c31161bb89fb537d15084c9"

[conda-packages.linux-arm64."liblzma-5.8.3-he30d5cf_1"]
url = "https://conda.anaconda.org/conda-forge/linux-aarch64/liblzma-5.8.3-he30d5cf_1.conda"
checksum = "sha256:f760669fd1cea27f689f411c0d5488e26ce50e382c9b63e4ad348f959850124a"

[conda-packages.linux-arm64."libstdcxx-16.2.0-hef695bb_7"]
url = "https://conda.anaconda.org/conda-forge/linux-aarch64/libstdcxx-16.2.0-hef695bb_7.conda"
checksum = "sha256:b241a3acfa9cdb1359112864a1241225533c92642de3000d52ae65ef5d3a9786"

[conda-packages.linux-arm64."libxml2-16-2.15.4-h2e5089f_0"]
url = "https://conda.anaconda.org/conda-forge/linux-aarch64/libxml2-16-2.15.4-h2e5089f_0.conda"
checksum = "sha256:58bf7fcf64bae7f624a5e2aed860ddea614a8ec13c8c43fe150420a275b8bdb5"

[conda-packages.linux-arm64."libxml2-2.15.4-h92b9305_0"]
url = "https://conda.anaconda.org/conda-forge/linux-aarch64/libxml2-2.15.4-h92b9305_0.conda"
checksum = "sha256:3345c88fa9ebb373bcf4069ede898950005fa2d1707e56a13a1ac6339919492f"

[conda-packages.linux-arm64."libzlib-1.3.2-hdc9db2a_3"]
url = "https://conda.anaconda.org/conda-forge/linux-aarch64/libzlib-1.3.2-hdc9db2a_3.conda"
checksum = "sha256:76efa6cc9d7e6f5ee3bbca0939f64054af2bdfb3c3632531f8e633cf6c2ea41e"

[conda-packages.linux-arm64."zstd-1.5.7-h9d15635_7"]
url = "https://conda.anaconda.org/conda-forge/linux-aarch64/zstd-1.5.7-h9d15635_7.conda"
checksum = "sha256:427fd14bcb3b8659796fecc682716617409350fb5a98e5b7b47558a10d1a2fc7"

[conda-packages.linux-arm64-musl."_openmp_mutex-4.5-20_gnu"]
url = "https://conda.anaconda.org/conda-forge/linux-aarch64/_openmp_mutex-4.5-20_gnu.conda"
checksum = "sha256:a2527b1d81792a0ccd2c05850960df119c2b6d8f5fdec97f2db7d25dc23b1068"

[conda-packages.linux-arm64-musl."clang-format-22-22.1.8-default_h01b09c7_10"]
url = "https://conda.anaconda.org/conda-forge/linux-aarch64/clang-format-22-22.1.8-default_h01b09c7_10.conda"
checksum = "sha256:9c3afbab8bf65aadab947b6d7efde87f03c786ce43223c567b3e25a8c539d52b"

[conda-packages.linux-arm64-musl."icu-78.3-py311h3512406_2"]
url = "https://conda.anaconda.org/conda-forge/linux-aarch64/icu-78.3-py311h3512406_2.conda"
checksum = "sha256:54d921defd947adb58a90e10203d3bfe6c1f209f5f1a1ad2c6a9f7617f2fb59e"

[conda-packages.linux-arm64-musl."libclang-cpp22.1-22.1.8-default_h01b09c7_10"]
url = "https://conda.anaconda.org/conda-forge/linux-aarch64/libclang-cpp22.1-22.1.8-default_h01b09c7_10.conda"
checksum = "sha256:f6ba66ea249bf4e695f162ceae4594ca05ec61c7849161026a3e757bd70d4770"

[conda-packages.linux-arm64-musl."libgcc-16.2.0-h205dda4_7"]
url = "https://conda.anaconda.org/conda-forge/linux-aarch64/libgcc-16.2.0-h205dda4_7.conda"
checksum = "sha256:eae7a3449d5a3b5351c5427137c076cc3fc826645c7bfc42dc10772b783826f1"

[conda-packages.linux-arm64-musl."libgomp-16.2.0-h8acb6b2_7"]
url = "https://conda.anaconda.org/conda-forge/linux-aarch64/libgomp-16.2.0-h8acb6b2_7.conda"
checksum = "sha256:4406fd67c5beeb99b9372f9bf07aa3e40ca141e337eceebac3ff64aa72799494"

[conda-packages.linux-arm64-musl."libiconv-1.18-h1ea5142_3"]
url = "https://conda.anaconda.org/conda-forge/linux-aarch64/libiconv-1.18-h1ea5142_3.conda"
checksum = "sha256:d22c666eb887afd2119aac2110e23a0e817e9391bda99293421f7c46dab1564c"

[conda-packages.linux-arm64-musl."libllvm22-22.1.8-h680871c_3"]
url = "https://conda.anaconda.org/conda-forge/linux-aarch64/libllvm22-22.1.8-h680871c_3.conda"
checksum = "sha256:ce3b3adf238db44eb054e70f7f82f5959598542b2c31161bb89fb537d15084c9"

[conda-packages.linux-arm64-musl."liblzma-5.8.3-he30d5cf_1"]
url = "https://conda.anaconda.org/conda-forge/linux-aarch64/liblzma-5.8.3-he30d5cf_1.conda"
checksum = "sha256:f760669fd1cea27f689f411c0d5488e26ce50e382c9b63e4ad348f959850124a"

[conda-packages.linux-arm64-musl."libstdcxx-16.2.0-hef695bb_7"]
url = "https://conda.anaconda.org/conda-forge/linux-aarch64/libstdcxx-16.2.0-hef695bb_7.conda"
checksum = "sha256:b241a3acfa9cdb1359112864a1241225533c92642de3000d52ae65ef5d3a9786"

[conda-packages.linux-arm64-musl."libxml2-16-2.15.4-h2e5089f_0"]
url = "https://conda.anaconda.org/conda-forge/linux-aarch64/libxml2-16-2.15.4-h2e5089f_0.conda"
checksum = "sha256:58bf7fcf64bae7f624a5e2aed860ddea614a8ec13c8c43fe150420a275b8bdb5"

[conda-packages.linux-arm64-musl."libxml2-2.15.4-h92b9305_0"]
url = "https://conda.anaconda.org/conda-forge/linux-aarch64/libxml2-2.15.4-h92b9305_0.conda"
checksum = "sha256:3345c88fa9ebb373bcf4069ede898950005fa2d1707e56a13a1ac6339919492f"

[conda-packages.linux-arm64-musl."libzlib-1.3.2-hdc9db2a_3"]
url = "https://conda.anaconda.org/conda-forge/linux-aarch64/libzlib-1.3.2-hdc9db2a_3.conda"
checksum = "sha256:76efa6cc9d7e6f5ee3bbca0939f64054af2bdfb3c3632531f8e633cf6c2ea41e"

[conda-packages.linux-arm64-musl."zstd-1.5.7-h9d15635_7"]
url = "https://conda.anaconda.org/conda-forge/linux-aarch64/zstd-1.5.7-h9d15635_7.conda"
checksum = "sha256:427fd14bcb3b8659796fecc682716617409350fb5a98e5b7b47558a10d1a2fc7"

[conda-packages.linux-x64."_openmp_mutex-4.5-20_gnu"]
url = "https://conda.anaconda.org/conda-forge/linux-64/_openmp_mutex-4.5-20_gnu.conda"
checksum = "sha256:1dd3fffd892081df9726d7eb7e0dea6198962ba775bd88842135a4ddb4deb3c9"

[conda-packages.linux-x64."clang-format-22-22.1.8-default_h0acdd01_10"]
url = "https://conda.anaconda.org/conda-forge/linux-64/clang-format-22-22.1.8-default_h0acdd01_10.conda"
checksum = "sha256:da82be7ef35b60cd17c99856a8ebaf775a51254a4edc5ca64cc2debda898fafb"

[conda-packages.linux-x64."libclang-cpp22.1-22.1.8-default_h0acdd01_10"]
url = "https://conda.anaconda.org/conda-forge/linux-64/libclang-cpp22.1-22.1.8-default_h0acdd01_10.conda"
checksum = "sha256:44ed5220e286dbb2886225b4ca2ea8eaac2769ac039e933440bea6ced3dadf95"

[conda-packages.linux-x64."libgcc-16.2.0-ha9f2e26_7"]
url = "https://conda.anaconda.org/conda-forge/linux-64/libgcc-16.2.0-ha9f2e26_7.conda"
checksum = "sha256:e031634c3a928f9594eba868bc46ef5230d6571a364a0c63215b06c4563bfcea"

[conda-packages.linux-x64."libgomp-16.2.0-he0feb66_7"]
url = "https://conda.anaconda.org/conda-forge/linux-64/libgomp-16.2.0-he0feb66_7.conda"
checksum = "sha256:92a0bb350c7be6a4eedcb4e111c60aefd176018e6b1c009a6e025dbe9bbcd758"

[conda-packages.linux-x64."libiconv-1.18-h0cb94f2_3"]
url = "https://conda.anaconda.org/conda-forge/linux-64/libiconv-1.18-h0cb94f2_3.conda"
checksum = "sha256:f943117edb9cd4d9c61cc972eee5a34291dc55ea7a6e9e38da104995841cbcb6"

[conda-packages.linux-x64."libllvm22-22.1.8-h474f4eb_3"]
url = "https://conda.anaconda.org/conda-forge/linux-64/libllvm22-22.1.8-h474f4eb_3.conda"
checksum = "sha256:135b8b9bfed6a20cdbda657ddb4584d483203eb0e4c29e448a60d4bcc762f391"

[conda-packages.linux-x64."liblzma-5.8.3-hb03c661_1"]
url = "https://conda.anaconda.org/conda-forge/linux-64/liblzma-5.8.3-hb03c661_1.conda"
checksum = "sha256:9787df8c22a59c9a70d3e5a10db9ad663485e75e9ccc3f09bd092cb7b95e0dab"

[conda-packages.linux-x64."libstdcxx-16.2.0-h934c35e_7"]
url = "https://conda.anaconda.org/conda-forge/linux-64/libstdcxx-16.2.0-h934c35e_7.conda"
checksum = "sha256:fa7018298629fc429971fffd6ecba3d27a7b02e4e890d6a93ea01ffebe8cb745"

[conda-packages.linux-x64."libxml2-16-2.15.4-hbdfff7e_0"]
url = "https://conda.anaconda.org/conda-forge/linux-64/libxml2-16-2.15.4-hbdfff7e_0.conda"
checksum = "sha256:b6f96287c408269f5067bb4f7a61693ff5c856152902362964d9807152b9c146"

[conda-packages.linux-x64."libxml2-2.15.4-ha7a5771_0"]
url = "https://conda.anaconda.org/conda-forge/linux-64/libxml2-2.15.4-ha7a5771_0.conda"
checksum = "sha256:db52c038430a508656530fc7b5650ae3e2629875693a6a256cc48dec203f8bfe"

[conda-packages.linux-x64."libzlib-1.3.2-h25fd6f3_3"]
url = "https://conda.anaconda.org/conda-forge/linux-64/libzlib-1.3.2-h25fd6f3_3.conda"
checksum = "sha256:eb8a0db0aa570124f7d2a93d7c7f596e3390df5e047818d873baad32985fc736"

[conda-packages.linux-x64."zstd-1.5.7-hb78ec9c_7"]
url = "https://conda.anaconda.org/conda-forge/linux-64/zstd-1.5.7-hb78ec9c_7.conda"
checksum = "sha256:47d682b9f6d6ec9eb1a6e6c3e75ea6273e899e78fb7fc59f81d39745009fbc60"

[conda-packages.linux-x64-musl."_openmp_mutex-4.5-20_gnu"]
url = "https://conda.anaconda.org/conda-forge/linux-64/_openmp_mutex-4.5-20_gnu.conda"
checksum = "sha256:1dd3fffd892081df9726d7eb7e0dea6198962ba775bd88842135a4ddb4deb3c9"

[conda-packages.linux-x64-musl."clang-format-22-22.1.8-default_h0acdd01_10"]
url = "https://conda.anaconda.org/conda-forge/linux-64/clang-format-22-22.1.8-default_h0acdd01_10.conda"
checksum = "sha256:da82be7ef35b60cd17c99856a8ebaf775a51254a4edc5ca64cc2debda898fafb"

[conda-packages.linux-x64-musl."libclang-cpp22.1-22.1.8-default_h0acdd01_10"]
url = "https://conda.anaconda.org/conda-forge/linux-64/libclang-cpp22.1-22.1.8-default_h0acdd01_10.conda"
checksum = "sha256:44ed5220e286dbb2886225b4ca2ea8eaac2769ac039e933440bea6ced3dadf95"

[conda-packages.linux-x64-musl."libgcc-16.2.0-ha9f2e26_7"]
url = "https://conda.anaconda.org/conda-forge/linux-64/libgcc-16.2.0-ha9f2e26_7.conda"
checksum = "sha256:e031634c3a928f9594eba868bc46ef5230d6571a364a0c63215b06c4563bfcea"

[conda-packages.linux-x64-musl."libgomp-16.2.0-he0feb66_7"]
url = "https://conda.anaconda.org/conda-forge/linux-64/libgomp-16.2.0-he0feb66_7.conda"
checksum = "sha256:92a0bb350c7be6a4eedcb4e111c60aefd176018e6b1c009a6e025dbe9bbcd758"

[conda-packages.linux-x64-musl."libiconv-1.18-h0cb94f2_3"]
url = "https://conda.anaconda.org/conda-forge/linux-64/libiconv-1.18-h0cb94f2_3.conda"
checksum = "sha256:f943117edb9cd4d9c61cc972eee5a34291dc55ea7a6e9e38da104995841cbcb6"

[conda-packages.linux-x64-musl."libllvm22-22.1.8-h474f4eb_3"]
url = "https://conda.anaconda.org/conda-forge/linux-64/libllvm22-22.1.8-h474f4eb_3.conda"
checksum = "sha256:135b8b9bfed6a20cdbda657ddb4584d483203eb0e4c29e448a60d4bcc762f391"

[conda-packages.linux-x64-musl."liblzma-5.8.3-hb03c661_1"]
url = "https://conda.anaconda.org/conda-forge/linux-64/liblzma-5.8.3-hb03c661_1.conda"
checksum = "sha256:9787df8c22a59c9a70d3e5a10db9ad663485e75e9ccc3f09bd092cb7b95e0dab"

[conda-packages.linux-x64-musl."libstdcxx-16.2.0-h934c35e_7"]
url = "https://conda.anaconda.org/conda-forge/linux-64/libstdcxx-16.2.0-h934c35e_7.conda"
checksum = "sha256:fa7018298629fc429971fffd6ecba3d27a7b02e4e890d6a93ea01ffebe8cb745"

[conda-packages.linux-x64-musl."libxml2-16-2.15.4-hbdfff7e_0"]
url = "https://conda.anaconda.org/conda-forge/linux-64/libxml2-16-2.15.4-hbdfff7e_0.conda"
checksum = "sha256:b6f96287c408269f5067bb4f7a61693ff5c856152902362964d9807152b9c146"

[conda-packages.linux-x64-musl."libxml2-2.15.4-ha7a5771_0"]
url = "https://conda.anaconda.org/conda-forge/linux-64/libxml2-2.15.4-ha7a5771_0.conda"
checksum = "sha256:db52c038430a508656530fc7b5650ae3e2629875693a6a256cc48dec203f8bfe"

[conda-packages.linux-x64-musl."libzlib-1.3.2-h25fd6f3_3"]
url = "https://conda.anaconda.org/conda-forge/linux-64/libzlib-1.3.2-h25fd6f3_3.conda"
checksum = "sha256:eb8a0db0aa570124f7d2a93d7c7f596e3390df5e047818d873baad32985fc736"

[conda-packages.linux-x64-musl."zstd-1.5.7-hb78ec9c_7"]
url = "https://conda.anaconda.org/conda-forge/linux-64/zstd-1.5.7-hb78ec9c_7.conda"
checksum = "sha256:47d682b9f6d6ec9eb1a6e6c3e75ea6273e899e78fb7fc59f81d39745009fbc60"

[conda-packages.macos-arm64."clang-format-22-22.1.8-default_h79071a4_10"]
url = "https://conda.anaconda.org/conda-forge/osx-arm64/clang-format-22-22.1.8-default_h79071a4_10.conda"
checksum = "sha256:916bc04542e2f10db707f42ad2b932bd855c3e520e08e01ca93e325c0f77adc1"

[conda-packages.macos-arm64."icu-78.3-py310h579977c_2"]
url = "https://conda.anaconda.org/conda-forge/osx-arm64/icu-78.3-py310h579977c_2.conda"
checksum = "sha256:6cdb5dee54c72e56ab189fb3ad33cb28533553d42590e7e831160248f4416a43"

[conda-packages.macos-arm64."libclang-cpp22.1-22.1.8-default_h79071a4_10"]
url = "https://conda.anaconda.org/conda-forge/osx-arm64/libclang-cpp22.1-22.1.8-default_h79071a4_10.conda"
checksum = "sha256:ec2ee8724deb386a3c6f88a9361565d0a2b1784fa908184c96ad73994c501dcd"

[conda-packages.macos-arm64."libcxx-23.1.3-h55c6f16_0"]
url = "https://conda.anaconda.org/conda-forge/osx-arm64/libcxx-23.1.3-h55c6f16_0.conda"
checksum = "sha256:2d9d31172d7919bd276a8d1be338de567dd5afdd181e8d3d3d8c2d8695e09de2"

[conda-packages.macos-arm64."libiconv-1.18-he4c29f2_3"]
url = "https://conda.anaconda.org/conda-forge/osx-arm64/libiconv-1.18-he4c29f2_3.conda"
checksum = "sha256:689a14968267f2f97c07112fca5636e7d756036b9aee969911267c20bd3eea1f"

[conda-packages.macos-arm64."libllvm22-22.1.8-h759d1ac_3"]
url = "https://conda.anaconda.org/conda-forge/osx-arm64/libllvm22-22.1.8-h759d1ac_3.conda"
checksum = "sha256:70d7bbba65233fec41fb2294e81351d81b8d7e21206113135604fed4dd7fdcf6"

[conda-packages.macos-arm64."liblzma-5.8.3-h8088a28_1"]
url = "https://conda.anaconda.org/conda-forge/osx-arm64/liblzma-5.8.3-h8088a28_1.conda"
checksum = "sha256:23d0630046a3e8b164d8f80f2b74ed2605af2e7050ab9913018056402fae4311"

[conda-packages.macos-arm64."libxml2-16-2.15.4-heb56d2d_0"]
url = "https://conda.anaconda.org/conda-forge/osx-arm64/libxml2-16-2.15.4-heb56d2d_0.conda"
checksum = "sha256:8a26f7c94ab849c1930da36c298f4b82e892382b70ae865cd7274188d9d783e2"

[conda-packages.macos-arm64."libxml2-2.15.4-h550178d_0"]
url = "https://conda.anaconda.org/conda-forge/osx-arm64/libxml2-2.15.4-h550178d_0.conda"
checksum = "sha256:81217fcd4d4abdc69ee63cdb9cdb22e05a20b9ba7a76f596579914a838fe5960"

[conda-packages.macos-arm64."libzlib-1.3.2-h8088a28_3"]
url = "https://conda.anaconda.org/conda-forge/osx-arm64/libzlib-1.3.2-h8088a28_3.conda"
checksum = "sha256:a18fa5d5bac452401459f966cf0d872224e8080c4ff93c77e168d43ab42ef9d7"

[conda-packages.macos-arm64."zstd-1.5.7-hf451053_7"]
url = "https://conda.anaconda.org/conda-forge/osx-arm64/zstd-1.5.7-hf451053_7.conda"
checksum = "sha256:da867f5092eb0cb746d353694f0098031fd9817a4ce7d5743121209ae0f406ca"

[conda-packages.macos-x64."clang-format-22-22.1.8-default_h6e863b9_10"]
url = "https://conda.anaconda.org/conda-forge/osx-64/clang-format-22-22.1.8-default_h6e863b9_10.conda"
checksum = "sha256:81328f35afa0205b03408332d08038647e3d667fd6afe308ed15dd69d9c18f57"

[conda-packages.macos-x64."libclang-cpp22.1-22.1.8-default_h6e863b9_10"]
url = "https://conda.anaconda.org/conda-forge/osx-64/libclang-cpp22.1-22.1.8-default_h6e863b9_10.conda"
checksum = "sha256:26c70b7c30e12a6e0516de8412e7a0b57f9bfafae5f91bf33051e40bab5b1966"

[conda-packages.macos-x64."libcxx-23.1.3-h19cb2f5_0"]
url = "https://conda.anaconda.org/conda-forge/osx-64/libcxx-23.1.3-h19cb2f5_0.conda"
checksum = "sha256:19ec3adf903c04aac6f31b180d283f0beb6d0393c5c1603f1d57355eb3a8fd66"

[conda-packages.macos-x64."libiconv-1.18-h4ae439b_3"]
url = "https://conda.anaconda.org/conda-forge/osx-64/libiconv-1.18-h4ae439b_3.conda"
checksum = "sha256:2389e03a58ed0f5e8f2469eb4d4ba80d0af378b38854ae5eee65e5b641244082"

[conda-packages.macos-x64."libllvm22-22.1.8-hd11396f_3"]
url = "https://conda.anaconda.org/conda-forge/osx-64/libllvm22-22.1.8-hd11396f_3.conda"
checksum = "sha256:ad09d02257ad9e4d3cf9b4e446a1541019169bf334d3fe2e3e6d702a86901d49"

[conda-packages.macos-x64."liblzma-5.8.3-hbb4bfdb_1"]
url = "https://conda.anaconda.org/conda-forge/osx-64/liblzma-5.8.3-hbb4bfdb_1.conda"
checksum = "sha256:7915dac7c71c208e40e716e2f6d3eff41a8d5584e0e7c2d46f9bf9bd5f9aa739"

[conda-packages.macos-x64."libxml2-16-2.15.4-h341e563_0"]
url = "https://conda.anaconda.org/conda-forge/osx-64/libxml2-16-2.15.4-h341e563_0.conda"
checksum = "sha256:bc284057b85e4a0ecc158598d81c3081fa58e9111969a05d3056ab7a8442c837"

[conda-packages.macos-x64."libxml2-2.15.4-h3668fe6_0"]
url = "https://conda.anaconda.org/conda-forge/osx-64/libxml2-2.15.4-h3668fe6_0.conda"
checksum = "sha256:9cf91223637981568c8fbd5c4dbbc1e6137592e919828554ae436bf259aa91d0"

[conda-packages.macos-x64."libzlib-1.3.2-hbb4bfdb_3"]
url = "https://conda.anaconda.org/conda-forge/osx-64/libzlib-1.3.2-hbb4bfdb_3.conda"
checksum = "sha256:b2dba286dd6632292b12296e761193b5ef9fb0eaeecaa481f5ba9af72c0c18e1"

[conda-packages.macos-x64."zstd-1.5.7-hbc1a06c_7"]
url = "https://conda.anaconda.org/conda-forge/osx-64/zstd-1.5.7-hbc1a06c_7.conda"
checksum = "sha256:5277886d9704a624dc9b79ac985861e1e431bdb39a57c082507ab577a138ec6c"

[conda-packages.windows-x64."icu-78.3-h5112557_2"]
url = "https://conda.anaconda.org/conda-forge/win-64/icu-78.3-h5112557_2.conda"
checksum = "sha256:75c549b55b673e15de8785a8e5dd85bca7eb612eee0ff4dc8d7bdaa15eacbdbb"

[conda-packages.windows-x64."libiconv-1.18-hc1393d2_3"]
url = "https://conda.anaconda.org/conda-forge/win-64/libiconv-1.18-hc1393d2_3.conda"
checksum = "sha256:35e04e3ddac7720fc7c550a1c9f998604299d6a7bd1f3ec9b2825d825061daa2"

[conda-packages.windows-x64."liblzma-5.8.3-hfd05255_1"]
url = "https://conda.anaconda.org/conda-forge/win-64/liblzma-5.8.3-hfd05255_1.conda"
checksum = "sha256:d36c4a1e1f80fd08e18a407e03622ff2f34dfdd022da6488ad19603dea19e6d5"

[conda-packages.windows-x64."libxml2-16-2.15.4-h3cfd58e_0"]
url = "https://conda.anaconda.org/conda-forge/win-64/libxml2-16-2.15.4-h3cfd58e_0.conda"
checksum = "sha256:9fa71cec30425c9cc8eda6af3574af1faf4fefa5e239c9e037b1f778ef3ce8ac"

[conda-packages.windows-x64."libxml2-2.15.4-he095d88_0"]
url = "https://conda.anaconda.org/conda-forge/win-64/libxml2-2.15.4-he095d88_0.conda"
checksum = "sha256:a19bb3821830f6b1281e782844d5dd265f796dfed2e4812b16c9995a8c778c88"

[conda-packages.windows-x64."libzlib-1.3.2-hfd05255_3"]
url = "https://conda.anaconda.org/conda-forge/win-64/libzlib-1.3.2-hfd05255_3.conda"
checksum = "sha256:0629c2cc0404d3bb29d6baa7b4ba62da80797015e86de050db81ea5a07050527"

[conda-packages.windows-x64."llvm-openmp-23.1.3-h49e36cd_0"]
url = "https://conda.anaconda.org/conda-forge/win-64/llvm-openmp-23.1.3-h49e36cd_0.conda"
checksum = "sha256:77727ace0120c95878d14b27cb1daeeb09445245df4c222a9bf40b6df9bf5a2f"

[conda-packages.windows-x64."ucrt-10.0.26100.0-h57928b3_0"]
url = "https://conda.anaconda.org/conda-forge/win-64/ucrt-10.0.26100.0-h57928b3_0.conda"
checksum = "sha256:3005729dce6f3d3f5ec91dfc49fc75a0095f9cd23bab49efb899657297ac91a5"

[conda-packages.windows-x64."vc-14.5-ha367084_41"]
url = "https://conda.anaconda.org/conda-forge/win-64/vc-14.5-ha367084_41.conda"
checksum = "sha256:35444c55a92e2f7f7ba26bc70f81e56e52344f7d064c0fd4b40a46a58517b79c"

[conda-packages.windows-x64."vc14_runtime-14.51.36247-habf1de7_41"]
url = "https://conda.anaconda.org/conda-forge/win-64/vc14_runtime-14.51.36247-habf1de7_41.conda"
checksum = "sha256:4e4cb599cdc41bf2109d1464c127b5bcbddf548ce3e322e612afb691338b48f8"

[conda-packages.windows-x64."vcomp14-14.51.36247-habf1de7_41"]
url = "https://conda.anaconda.org/conda-forge/win-64/vcomp14-14.51.36247-habf1de7_41.conda"
checksum = "sha256:731e043390c9457299484d39e427221fc868a9249540a498a5a4f6456c7744d1"

[conda-packages.windows-x64."zstd-1.5.7-h534d264_7"]
url = "https://conda.anaconda.org/conda-forge/win-64/zstd-1.5.7-h534d264_7.conda"
checksum = "sha256:ca7daae4f218a11fab82cc2857f0ea518ec3f46acec60490485347a4c22c6b3e"

[[tools.clang-format]]
version = "22.1.8"
backend = "conda:clang-format"
specifiers = ["22.1.8"]

[tools.clang-format.options]
channel = "conda-forge"

[tools.clang-format."platforms.linux-arm64"]
checksum = "sha256:ad7347e16fdde17328b7b94dcc72dd654a730e856bd39bf9600ba25352a1e1d9"
url = "https://conda.anaconda.org/conda-forge/linux-aarch64/clang-format-22.1.8-default_h39ccff7_10.conda"
conda_deps = [
    "clang-format-22-22.1.8-default_h01b09c7_10",
    "libclang-cpp22.1-22.1.8-default_h01b09c7_10",
    "libzlib-1.3.2-hdc9db2a_3",
    "libstdcxx-16.2.0-hef695bb_7",
    "libgcc-16.2.0-h205dda4_7",
    "zstd-1.5.7-h9d15635_7",
    "libxml2-2.15.4-h92b9305_0",
    "libxml2-16-2.15.4-h2e5089f_0",
    "libllvm22-22.1.8-h680871c_3",
    "_openmp_mutex-4.5-20_gnu",
    "libgomp-16.2.0-h8acb6b2_7",
    "icu-78.3-py311h3512406_2",
    "libiconv-1.18-h1ea5142_3",
    "liblzma-5.8.3-he30d5cf_1",
]

[tools.clang-format."platforms.linux-arm64-musl"]
checksum = "sha256:ad7347e16fdde17328b7b94dcc72dd654a730e856bd39bf9600ba25352a1e1d9"
url = "https://conda.anaconda.org/conda-forge/linux-aarch64/clang-format-22.1.8-default_h39ccff7_10.conda"
conda_deps = [
    "clang-format-22-22.1.8-default_h01b09c7_10",
    "libclang-cpp22.1-22.1.8-default_h01b09c7_10",
    "libzlib-1.3.2-hdc9db2a_3",
    "libstdcxx-16.2.0-hef695bb_7",
    "libgcc-16.2.0-h205dda4_7",
    "zstd-1.5.7-h9d15635_7",
    "libxml2-2.15.4-h92b9305_0",
    "libxml2-16-2.15.4-h2e5089f_0",
    "libllvm22-22.1.8-h680871c_3",
    "_openmp_mutex-4.5-20_gnu",
    "libgomp-16.2.0-h8acb6b2_7",
    "icu-78.3-py311h3512406_2",
    "libiconv-1.18-h1ea5142_3",
    "liblzma-5.8.3-he30d5cf_1",
]

[tools.clang-format."platforms.linux-x64"]
checksum = "sha256:c82315aa42475edf116814bfb86dc5e7e8f837bba3ae1971a2246b170e451ad1"
url = "https://conda.anaconda.org/conda-forge/linux-64/clang-format-22.1.8-default_hf2538bd_10.conda"
conda_deps = [
    "clang-format-22-22.1.8-default_h0acdd01_10",
    "libclang-cpp22.1-22.1.8-default_h0acdd01_10",
    "libzlib-1.3.2-h25fd6f3_3",
    "libstdcxx-16.2.0-h934c35e_7",
    "libgcc-16.2.0-ha9f2e26_7",
    "libxml2-2.15.4-ha7a5771_0",
    "libxml2-16-2.15.4-hbdfff7e_0",
    "zstd-1.5.7-hb78ec9c_7",
    "libllvm22-22.1.8-h474f4eb_3",
    "_openmp_mutex-4.5-20_gnu",
    "libgomp-16.2.0-he0feb66_7",
    "liblzma-5.8.3-hb03c661_1",
    "libiconv-1.18-h0cb94f2_3",
]

[tools.clang-format."platforms.linux-x64-musl"]
checksum = "sha256:c82315aa42475edf116814bfb86dc5e7e8f837bba3ae1971a2246b170e451ad1"
url = "https://conda.anaconda.org/conda-forge/linux-64/clang-format-22.1.8-default_hf2538bd_10.conda"
conda_deps = [
    "clang-format-22-22.1.8-default_h0acdd01_10",
    "libclang-cpp22.1-22.1.8-default_h0acdd01_10",
    "libzlib-1.3.2-h25fd6f3_3",
    "libstdcxx-16.2.0-h934c35e_7",
    "libgcc-16.2.0-ha9f2e26_7",
    "libxml2-2.15.4-ha7a5771_0",
    "libxml2-16-2.15.4-hbdfff7e_0",
    "zstd-1.5.7-hb78ec9c_7",
    "libllvm22-22.1.8-h474f4eb_3",
    "_openmp_mutex-4.5-20_gnu",
    "libgomp-16.2.0-he0feb66_7",
    "liblzma-5.8.3-hb03c661_1",
    "libiconv-1.18-h0cb94f2_3",
]

[tools.clang-format."platforms.macos-arm64"]
checksum = "sha256:63a48c4fd94f85c6ace6a7d03b7dd541ba4360eb639e7156c45cc9982767d227"
url = "https://conda.anaconda.org/conda-forge/osx-arm64/clang-format-22.1.8-default_h2435543_10.conda"
conda_deps = [
    "clang-format-22-22.1.8-default_h79071a4_10",
    "libclang-cpp22.1-22.1.8-default_h79071a4_10",
    "libzlib-1.3.2-h8088a28_3",
    "libcxx-23.1.3-h55c6f16_0",
    "libxml2-2.15.4-h550178d_0",
    "libxml2-16-2.15.4-heb56d2d_0",
    "zstd-1.5.7-hf451053_7",
    "libllvm22-22.1.8-h759d1ac_3",
    "liblzma-5.8.3-h8088a28_1",
    "icu-78.3-py310h579977c_2",
    "libiconv-1.18-he4c29f2_3",
]

[tools.clang-format."platforms.macos-x64"]
checksum = "sha256:e41ddf8c186d0343ccf309c60d755ca4787b24d94b2aa72e4268d58702354b4e"
url = "https://conda.anaconda.org/conda-forge/osx-64/clang-format-22.1.8-default_h7427a0e_10.conda"
conda_deps = [
    "clang-format-22-22.1.8-default_h6e863b9_10",
    "libclang-cpp22.1-22.1.8-default_h6e863b9_10",
    "libzlib-1.3.2-hbb4bfdb_3",
    "libcxx-23.1.3-h19cb2f5_0",
    "libxml2-2.15.4-h3668fe6_0",
    "libxml2-16-2.15.4-h341e563_0",
    "zstd-1.5.7-hbc1a06c_7",
    "libllvm22-22.1.8-hd11396f_3",
    "liblzma-5.8.3-hbb4bfdb_1",
    "libiconv-1.18-h4ae439b_3",
]

[tools.clang-format."platforms.windows-x64"]
checksum = "sha256:605204dfb326ee3a886bcbb8d905e760ee66933cd10714b2a4856d8895955dda"
url = "https://conda.anaconda.org/conda-forge/win-64/clang-format-22.1.8-default_hacd6ee9_10.conda"
conda_deps = [
    "vc-14.5-ha367084_41",
    "vc14_runtime-14.51.36247-habf1de7_41",
    "vcomp14-14.51.36247-habf1de7_41",
    "ucrt-10.0.26100.0-h57928b3_0",
    "llvm-openmp-23.1.3-h49e36cd_0",
    "libzlib-1.3.2-hfd05255_3",
    "zstd-1.5.7-h534d264_7",
    "libxml2-2.15.4-he095d88_0",
    "libxml2-16-2.15.4-h3cfd58e_0",
    "icu-78.3-h5112557_2",
    "libiconv-1.18-hc1393d2_3",
    "liblzma-5.8.3-hfd05255_1",
]

[[tools.clang-tidy]]
version = "2026.09.01-5fb8802d"
backend = "github:cpp-linter/clang-tools-static-binaries"
specifiers = ["2026.09.01-5fb8802d"]

[tools.clang-tidy.options]
matching = "clang-tidy-22_"

[tools.clang-tidy."platforms.linux-arm64"]
checksum = "sha256:b86151017bf1d1aef98cfdf7b005abbb9c1fb97c1798feced02291d1b1acc149"
url = "https://github.com/cpp-linter/clang-tools-static-binaries/releases/download/2026.09.01-5fb8802d/clang-tidy-22_linux-arm64"
url_api = "https://api.github.com/repos/cpp-linter/clang-tools-static-binaries/releases/assets/539993944"
provenance = "github-attestations"

[tools.clang-tidy."platforms.linux-arm64-musl"]
checksum = "sha256:b86151017bf1d1aef98cfdf7b005abbb9c1fb97c1798feced02291d1b1acc149"
url = "https://github.com/cpp-linter/clang-tools-static-binaries/releases/download/2026.09.01-5fb8802d/clang-tidy-22_linux-arm64"
url_api = "https://api.github.com/repos/cpp-linter/clang-tools-static-binaries/releases/assets/539993944"
provenance = "github-attestations"

[tools.clang-tidy."platforms.linux-x64"]
checksum = "sha256:643507b72416f1077ba528b1ef6ce221d1b6e058326a80b50d7b7566ec80482d"
url = "https://github.com/cpp-linter/clang-tools-static-binaries/releases/download/2026.09.01-5fb8802d/clang-tidy-22_linux-amd64"
url_api = "https://api.github.com/repos/cpp-linter/clang-tools-static-binaries/releases/assets/539993588"
provenance = "github-attestations"

[tools.clang-tidy."platforms.linux-x64-musl"]
checksum = "sha256:643507b72416f1077ba528b1ef6ce221d1b6e058326a80b50d7b7566ec80482d"
url = "https://github.com/cpp-linter/clang-tools-static-binaries/releases/download/2026.09.01-5fb8802d/clang-tidy-22_linux-amd64"
url_api = "https://api.github.com/repos/cpp-linter/clang-tools-static-binaries/releases/assets/539993588"
provenance = "github-attestations"

[tools.clang-tidy."platforms.macos-arm64"]
checksum = "sha256:4d0bc713af5c14d75468547f33e572be316c8ad317351c60cc6ff8c4d9b9f166"
url = "https://github.com/cpp-linter/clang-tools-static-binaries/releases/download/2026.09.01-5fb8802d/clang-tidy-22_macos-arm64"
url_api = "https://api.github.com/repos/cpp-linter/clang-tools-static-binaries/releases/assets/539994571"
provenance = "github-attestations"

[tools.clang-tidy."platforms.macos-x64"]
checksum = "sha256:5ae17609aa6919d1087700921e10a2cc7bab9ee955022ad0ffc21b1342ac04e6"
url = "https://github.com/cpp-linter/clang-tools-static-binaries/releases/download/2026.09.01-5fb8802d/clang-tidy-22_macos-amd64"
url_api = "https://api.github.com/repos/cpp-linter/clang-tools-static-binaries/releases/assets/539994183"
provenance = "github-attestations"

[tools.clang-tidy."platforms.windows-x64"]
checksum = "sha256:ba9dd43fe6e59faad27fad4f4ba427d12f2f96cd23214ac5997e732c4b044539"
url = "https://github.com/cpp-linter/clang-tools-static-binaries/releases/download/2026.09.01-5fb8802d/clang-tidy-22_windows-amd64.exe"
url_api = "https://api.github.com/repos/cpp-linter/clang-tools-static-binaries/releases/assets/539995229"
provenance = "github-attestations"

[[tools.go]]
version = "1.27.1"
backend = "core:go"
specifiers = ["1.27.1"]

[tools.go."platforms.linux-arm64"]
checksum = "sha256:3450b45a3f9ee8568792736a5c5e70a1f2e9b36c35a8f74958c03e51d7d92bec"
url = "https://dl.google.com/go/go1.27.1.linux-arm64.tar.gz"

[tools.go."platforms.linux-arm64-musl"]
checksum = "sha256:3450b45a3f9ee8568792736a5c5e70a1f2e9b36c35a8f74958c03e51d7d92bec"
url = "https://dl.google.com/go/go1.27.1.linux-arm64.tar.gz"

[tools.go."platforms.linux-x64"]
checksum = "sha256:63d339f0da5ab53635a56f2490a7984dfe12dfcff22ad749f63edaf590168445"
url = "https://dl.google.com/go/go1.27.1.linux-amd64.tar.gz"

[tools.go."platforms.linux-x64-musl"]
checksum = "sha256:63d339f0da5ab53635a56f2490a7984dfe12dfcff22ad749f63edaf590168445"
url = "https://dl.google.com/go/go1.27.1.linux-amd64.tar.gz"

[tools.go."platforms.macos-arm64"]
checksum = "sha256:ee215d57e0ec269c60cc9ceca68e6bda321ba9ee5afe24f4b0988703c2d87d12"
url = "https://dl.google.com/go/go1.27.1.darwin-arm64.tar.gz"

[tools.go."platforms.macos-x64"]
checksum = "sha256:8f8f52c6649542cf027bbc9b9c68d1ec042f9f34808a40413f0b8b3f66f3caa4"
url = "https://dl.google.com/go/go1.27.1.darwin-amd64.tar.gz"

[tools.go."platforms.windows-x64"]
checksum = "sha256:a3911b5e0e1b1053f25ed0675f4c1c6aad1e2bfcf253df2b9be4caabd2edd95d"
url = "https://dl.google.com/go/go1.27.1.windows-amd64.zip"

[[tools.golangci-lint]]
version = "2.13.2"
backend = "aqua:golangci/golangci-lint"
specifiers = ["2.13.2"]

[tools.golangci-lint."platforms.linux-arm64"]
checksum = "sha256:a2a4e0065aa41be71f7c5ac90f271b61751331e5d04314e62afe4027855f0893"
url = "https://github.com/golangci/golangci-lint/releases/download/v2.13.2/golangci-lint-2.13.2-linux-arm64.tar.gz"
url_api = "https://api.github.com/repos/golangci/golangci-lint/releases/assets/532995442"
provenance = "github-attestations"

[tools.golangci-lint."platforms.linux-arm64-musl"]
checksum = "sha256:a2a4e0065aa41be71f7c5ac90f271b61751331e5d04314e62afe4027855f0893"
url = "https://github.com/golangci/golangci-lint/releases/download/v2.13.2/golangci-lint-2.13.2-linux-arm64.tar.gz"
url_api = "https://api.github.com/repos/golangci/golangci-lint/releases/assets/532995442"
provenance = "github-attestations"

[tools.golangci-lint."platforms.linux-x64"]
checksum = "sha256:2277d43b98ec0054280f2ac26b53268bae97682444678a59a657dd565da021d6"
url = "https://github.com/golangci/golangci-lint/releases/download/v2.13.2/golangci-lint-2.13.2-linux-amd64.tar.gz"
url_api = "https://api.github.com/repos/golangci/golangci-lint/releases/assets/532995333"
provenance = "github-attestations"

[tools.golangci-lint."platforms.linux-x64-musl"]
checksum = "sha256:2277d43b98ec0054280f2ac26b53268bae97682444678a59a657dd565da021d6"
url = "https://github.com/golangci/golangci-lint/releases/download/v2.13.2/golangci-lint-2.13.2-linux-amd64.tar.gz"
url_api = "https://api.github.com/repos/golangci/golangci-lint/releases/assets/532995333"
provenance = "github-attestations"

[tools.golangci-lint."platforms.macos-arm64"]
checksum = "sha256:f4bf83f0b64f055c42b28fc9a38861839f69c096e61c788e72dfaae412011789"
url = "https://github.com/golangci/golangci-lint/releases/download/v2.13.2/golangci-lint-2.13.2-darwin-arm64.tar.gz"
url_api = "https://api.github.com/repos/golangci/golangci-lint/releases/assets/532995398"
provenance = "github-attestations"

[tools.golangci-lint."platforms.macos-x64"]
checksum = "sha256:8a13aaf9cbbb1dee52824e862cf0d0720e5bb97c1f4260d1e51623a09492b57b"
url = "https://github.com/golangci/golangci-lint/releases/download/v2.13.2/golangci-lint-2.13.2-darwin-amd64.tar.gz"
url_api = "https://api.github.com/repos/golangci/golangci-lint/releases/assets/532995222"
provenance = "github-attestations"

[tools.golangci-lint."platforms.windows-x64"]
checksum = "sha256:4735fdc8e84a0cfb7a15a1c364a650942f88215e0d36c674ebc4024f7b554524"
url = "https://github.com/golangci/golangci-lint/releases/download/v2.13.2/golangci-lint-2.13.2-windows-amd64.zip"
url_api = "https://api.github.com/repos/golangci/golangci-lint/releases/assets/532995335"
provenance = "github-attestations"

[[tools.gradle]]
version = "9.8.0"
backend = "aqua:gradle/gradle-distributions"
specifiers = ["9.8.0"]

[tools.gradle."platforms.linux-arm64"]
checksum = "sha256:bafd5ce9cfaea0fbccfdc8439a1ac42fbd4cd9c89dc9a988228d8a2639a58e6c"
url = "https://github.com/gradle/gradle-distributions/releases/download/v9.8.0/gradle-9.8.0-bin.zip"
url_api = "https://api.github.com/repos/gradle/gradle-distributions/releases/assets/586068844"

[tools.gradle."platforms.linux-arm64-musl"]
checksum = "sha256:bafd5ce9cfaea0fbccfdc8439a1ac42fbd4cd9c89dc9a988228d8a2639a58e6c"
url = "https://github.com/gradle/gradle-distributions/releases/download/v9.8.0/gradle-9.8.0-bin.zip"
url_api = "https://api.github.com/repos/gradle/gradle-distributions/releases/assets/586068844"

[tools.gradle."platforms.linux-x64"]
checksum = "sha256:bafd5ce9cfaea0fbccfdc8439a1ac42fbd4cd9c89dc9a988228d8a2639a58e6c"
url = "https://github.com/gradle/gradle-distributions/releases/download/v9.8.0/gradle-9.8.0-bin.zip"
url_api = "https://api.github.com/repos/gradle/gradle-distributions/releases/assets/586068844"

[tools.gradle."platforms.linux-x64-musl"]
checksum = "sha256:bafd5ce9cfaea0fbccfdc8439a1ac42fbd4cd9c89dc9a988228d8a2639a58e6c"
url = "https://github.com/gradle/gradle-distributions/releases/download/v9.8.0/gradle-9.8.0-bin.zip"
url_api = "https://api.github.com/repos/gradle/gradle-distributions/releases/assets/586068844"

[tools.gradle."platforms.macos-arm64"]
checksum = "sha256:bafd5ce9cfaea0fbccfdc8439a1ac42fbd4cd9c89dc9a988228d8a2639a58e6c"
url = "https://github.com/gradle/gradle-distributions/releases/download/v9.8.0/gradle-9.8.0-bin.zip"
url_api = "https://api.github.com/repos/gradle/gradle-distributions/releases/assets/586068844"

[tools.gradle."platforms.macos-x64"]
checksum = "sha256:bafd5ce9cfaea0fbccfdc8439a1ac42fbd4cd9c89dc9a988228d8a2639a58e6c"
url = "https://github.com/gradle/gradle-distributions/releases/download/v9.8.0/gradle-9.8.0-bin.zip"
url_api = "https://api.github.com/repos/gradle/gradle-distributions/releases/assets/586068844"

[tools.gradle."platforms.windows-x64"]
checksum = "sha256:bafd5ce9cfaea0fbccfdc8439a1ac42fbd4cd9c89dc9a988228d8a2639a58e6c"
url = "https://github.com/gradle/gradle-distributions/releases/download/v9.8.0/gradle-9.8.0-bin.zip"
url_api = "https://api.github.com/repos/gradle/gradle-distributions/releases/assets/586068844"

[[tools.markdownlint-cli2]]
version = "0.23.3"
aube = { path = ".mise/locks/markdownlint-cli2/0.23.3", digest = "sha256:39523bb981360d43f75c10a114ee091e42ff45a76d3c2c666a283ff017bd4926" }
backend = "npm:markdownlint-cli2"
specifiers = ["0.23.3"]

[[tools.python]]
version = "3.14.8"
backend = "core:python"
specifiers = ["3.14"]

[tools.python."platforms.linux-arm64"]
checksum = "sha256:ece2bf3d4b47c80c2403c5f32fa51a9458abaee93c10def8acafb5f45163e77d"
url = "https://github.com/astral-sh/python-build-standalone/releases/download/20261003/cpython-3.14.8+20261003-aarch64-unknown-linux-gnu-install_only_stripped.tar.gz"
provenance = "github-attestations"

[tools.python."platforms.linux-arm64-musl"]
checksum = "sha256:03267c0737a0a54572024a935579ffce26ebb5ba8a5089645ddae29d97ac6312"
url = "https://github.com/astral-sh/python-build-standalone/releases/download/20261003/cpython-3.14.8+20261003-aarch64-unknown-linux-musl-install_only_stripped.tar.gz"
provenance = "github-attestations"

[tools.python."platforms.linux-x64"]
checksum = "sha256:d9ec7a6935ade8b671a57ebaf111083d7314eab8dae5071d167054dadd2b97d6"
url = "https://github.com/astral-sh/python-build-standalone/releases/download/20261003/cpython-3.14.8+20261003-x86_64-unknown-linux-gnu-install_only_stripped.tar.gz"
provenance = "github-attestations"

[tools.python."platforms.linux-x64-musl"]
checksum = "sha256:c1a91a426d70208a478c1b73c1348955a702de2da0308de89672c1f3972eaa70"
url = "https://github.com/astral-sh/python-build-standalone/releases/download/20261003/cpython-3.14.8+20261003-x86_64-unknown-linux-musl-install_only_stripped.tar.gz"
provenance = "github-attestations"

[tools.python."platforms.macos-arm64"]
checksum = "sha256:ed14e9042f36c0aa18383f5d9729bcbf17847e842666a793b5a5a5d8505c0ca1"
url = "https://github.com/astral-sh/python-build-standalone/releases/download/20261003/cpython-3.14.8+20261003-aarch64-apple-darwin-install_only_stripped.tar.gz"
provenance = "github-attestations"

[tools.python."platforms.macos-x64"]
checksum = "sha256:08310045a2611bad730d7c1a01e847a1ea729d9dcfe29110ca67cbdf3998bb54"
url = "https://github.com/astral-sh/python-build-standalone/releases/download/20261003/cpython-3.14.8+20261003-x86_64-apple-darwin-install_only_stripped.tar.gz"
provenance = "github-attestations"

[tools.python."platforms.windows-x64"]
checksum = "sha256:10e5705e44938ee78de35c62b30fdfe2945b53438343d04c0f53548cdd8e91b6"
url = "https://github.com/astral-sh/python-build-standalone/releases/download/20261003/cpython-3.14.8+20261003-x86_64-pc-windows-msvc-install_only_stripped.tar.gz"
provenance = "github-attestations"

[[tools.python]]
version = "3.9.25"
backend = "core:python"
specifiers = ["3.9"]

[tools.python."platforms.linux-arm64"]
checksum = "sha256:2f17406709afd0f07674dd3ce92a4b23c6adf8baac3f402555d192e0f3333bef"
url = "https://github.com/astral-sh/python-build-standalone/releases/download/20251031/cpython-3.9.25+20251031-aarch64-unknown-linux-gnu-install_only_stripped.tar.gz"
provenance = "github-attestations"

[tools.python."platforms.linux-arm64-musl"]
checksum = "sha256:602e2bf8ddc335df82d09d64b0bddf722194af27db45503b98b9c163f8a22672"
url = "https://github.com/astral-sh/python-build-standalone/releases/download/20251031/cpython-3.9.25+20251031-aarch64-unknown-linux-musl-install_only_stripped.tar.gz"
provenance = "github-attestations"

[tools.python."platforms.linux-x64"]
checksum = "blake3:0d759fd8a0946a05ef0861a4374af42b11c3987797ed017b1806aa1c60667a22"
url = "https://github.com/astral-sh/python-build-standalone/releases/download/20251031/cpython-3.9.25+20251031-x86_64-unknown-linux-gnu-install_only_stripped.tar.gz"
provenance = "github-attestations"

[tools.python."platforms.linux-x64-musl"]
checksum = "sha256:255581699cfbea492318e579cec93252410cfd30fba800fa6abdea8a2c239c5e"
url = "https://github.com/astral-sh/python-build-standalone/releases/download/20251031/cpython-3.9.25+20251031-x86_64-unknown-linux-musl-install_only_stripped.tar.gz"
provenance = "github-attestations"

[tools.python."platforms.macos-arm64"]
checksum = "sha256:1dca0e37d56b7da3ec6a7d2f75cc72a2df3bd05751606300934b2dc6fd7026ea"
url = "https://github.com/astral-sh/python-build-standalone/releases/download/20251031/cpython-3.9.25+20251031-aarch64-apple-darwin-install_only_stripped.tar.gz"
provenance = "github-attestations"

[tools.python."platforms.macos-x64"]
checksum = "sha256:ae1f63f9597a9c29c83a550bc34a6a0f6e1e4d380244557d803e6d3aace31069"
url = "https://github.com/astral-sh/python-build-standalone/releases/download/20251031/cpython-3.9.25+20251031-x86_64-apple-darwin-install_only_stripped.tar.gz"
provenance = "github-attestations"

[tools.python."platforms.windows-x64"]
checksum = "sha256:6898722ab4242e304daf1490e2545bee7e7befacef82a9362f9496c0ee616ece"
url = "https://github.com/astral-sh/python-build-standalone/releases/download/20251031/cpython-3.9.25+20251031-x86_64-pc-windows-msvc-install_only_stripped.tar.gz"
provenance = "github-attestations"
